
Microsoft Visual Studio Solution File, Format Version 12.00
# Visual Studio 15
VisualStudioVersion = 15.0.26124.0
MinimumVisualStudioVersion = 15.0.26124.0
Project("{2150E333-8FDC-42A3-9474-1A3956D46DE8}") = "src", "src", "{1CD25E90-AD4C-476D-B543-E3BBBEDC73BD}"
EndProject
Project("{FAE04EC0-301F-11D3-BF4B-00C04F79EFBC}") = "NanoDDNS.Web", "src\NanoDDNS.Web\NanoDDNS.Web.csproj", "{F16A6E58-2A41-4BE9-A6C5-B5C514D64946}"
EndProject
Global
	GlobalSection(SolutionConfigurationPlatforms) = preSolution
		Debug|Any CPU = Debug|Any CPU
		Debug|x64 = Debug|x64
		Debug|x86 = Debug|x86
		Release|Any CPU = Release|Any CPU
		Release|x64 = Release|x64
		Release|x86 = Release|x86
	EndGlobalSection
	GlobalSection(SolutionProperties) = preSolution
		HideSolutionNode = FALSE
	EndGlobalSection
	GlobalSection(ProjectConfigurationPlatforms) = postSolution
		{F16A6E58-2A41-4BE9-A6C5-B5C514D64946}.Debug|Any CPU.ActiveCfg = Debug|Any CPU
		{F16A6E58-2A41-4BE9-A6C5-B5C514D64946}.Debug|Any CPU.Build.0 = Debug|Any CPU
		{F16A6E58-2A41-4BE9-A6C5-B5C514D64946}.Debug|x64.ActiveCfg = Debug|Any CPU
		{F16A6E58-2A41-4BE9-A6C5-B5C514D64946}.Debug|x64.Build.0 = Debug|Any CPU
		{F16A6E58-2A41-4BE9-A6C5-B5C514D64946}.Debug|x86.ActiveCfg = Debug|Any CPU
		{F16A6E58-2A41-4BE9-A6C5-B5C514D64946}.Debug|x86.Build.0 = Debug|Any CPU
		{F16A6E58-2A41-4BE9-A6C5-B5C514D64946}.Release|Any CPU.ActiveCfg = Release|Any CPU
		{F16A6E58-2A41-4BE9-A6C5-B5C514D64946}.Release|Any CPU.Build.0 = Release|Any CPU
		{F16A6E58-2A41-4BE9-A6C5-B5C514D64946}.Release|x64.ActiveCfg = Release|Any CPU
		{F16A6E58-2A41-4BE9-A6C5-B5C514D64946}.Release|x64.Build.0 = Release|Any CPU
		{F16A6E58-2A41-4BE9-A6C5-B5C514D64946}.Release|x86.ActiveCfg = Release|Any CPU
		{F16A6E58-2A41-4BE9-A6C5-B5C514D64946}.Release|x86.Build.0 = Release|Any CPU
	EndGlobalSection
	GlobalSection(NestedProjects) = preSolution
		{F16A6E58-2A41-4BE9-A6C5-B5C514D64946} = {1CD25E90-AD4C-476D-B543-E3BBBEDC73BD}
	EndGlobalSection
EndGlobal
